
Microsoft Visual Studio Solution File, Format Version 12.00
# Visual Studio Version 17
VisualStudioVersion = 17.11.35431.28
MinimumVisualStudioVersion = 10.0.40219.1
Project("{FAE04EC0-301F-11D3-BF4B-00C04F79EFBC}") = "LosGrisesWeb", "LosGrisesWeb\LosGrisesWeb.csproj", "{E1591471-016B-4630-938A-D902DDC06999}"
	ProjectSection(ProjectDependencies) = postProject
		{181EC739-BDBE-4161-915D-C4A814F86E79} = {181EC739-BDBE-4161-915D-C4A814F86E79}
	EndProjectSection
EndProject
Project("{FAE04EC0-301F-11D3-BF4B-00C04F79EFBC}") = "LosGrisesServices", "LosGrisesServices\LosGrisesServices.csproj", "{181EC739-BDBE-4161-915D-C4A814F86E79}"
EndProject
Global
	GlobalSection(SolutionConfigurationPlatforms) = preSolution
		Debug|Any CPU = Debug|Any CPU
		Release|Any CPU = Release|Any CPU
	EndGlobalSection
	GlobalSection(ProjectConfigurationPlatforms) = postSolution
		{E1591471-016B-4630-938A-D902DDC06999}.Debug|Any CPU.ActiveCfg = Debug|Any CPU
		{E1591471-016B-4630-938A-D902DDC06999}.Debug|Any CPU.Build.0 = Debug|Any CPU
		{E1591471-016B-4630-938A-D902DDC06999}.Release|Any CPU.ActiveCfg = Release|Any CPU
		{E1591471-016B-4630-938A-D902DDC06999}.Release|Any CPU.Build.0 = Release|Any CPU
		{181EC739-BDBE-4161-915D-C4A814F86E79}.Debug|Any CPU.ActiveCfg = Debug|Any CPU
		{181EC739-BDBE-4161-915D-C4A814F86E79}.Debug|Any CPU.Build.0 = Debug|Any CPU
		{181EC739-BDBE-4161-915D-C4A814F86E79}.Release|Any CPU.ActiveCfg = Release|Any CPU
		{181EC739-BDBE-4161-915D-C4A814F86E79}.Release|Any CPU.Build.0 = Release|Any CPU
	EndGlobalSection
	GlobalSection(SolutionProperties) = preSolution
		HideSolutionNode = FALSE
	EndGlobalSection
	GlobalSection(ExtensibilityGlobals) = postSolution
		SolutionGuid = {E0BD3E99-D004-4442-B34E-83548C419A10}
	EndGlobalSection
EndGlobal
